<Solution>
  <Project Path="Assignment_3_2_1/Assignment_3_2_1.csproj" />
  <Project Path="Assignment_3_2_2/Assignment_3_2_2.csproj" />
  <Project Path="Assignment_3_2_3/Assignment_3_2_3.csproj" />
  <Project Path="Assignment_3_2_4/Assignment_3_2_4.csproj" />
  <Project Path="Assignment_3_2_5/Assignment_3_2_5.csproj" Id="41b57b84-fc61-45e5-b6b6-9cc094d0d9b0" />
</Solution>
